
Microsoft Visual Studio Solution File, Format Version 12.00
Project("{FAE04EC0-301F-11D3-BF4B-00C04F79EFBC}") = "View", "View\View.csproj", "{4A7FDDB1-D30B-4FA3-95C5-B97F24CD076D}"
EndProject
Project("{FAE04EC0-301F-11D3-BF4B-00C04F79EFBC}") = "Domain", "Domain\Domain.csproj", "{EC3F93F2-D830-4E88-AE29-4C1B6EECDBAE}"
EndProject
Project("{FAE04EC0-301F-11D3-BF4B-00C04F79EFBC}") = "Model", "Model\Model.csproj", "{69E5DFA9-1EEA-4F19-8060-1AB751E0A1B2}"
EndProject
Project("{FAE04EC0-301F-11D3-BF4B-00C04F79EFBC}") = "Unittests", "Unittests\Unittests.csproj", "{53D4DBA8-1457-40F2-9ED6-CFA7896DEB6A}"
EndProject
Global
	GlobalSection(SolutionConfigurationPlatforms) = preSolution
		Debug|Any CPU = Debug|Any CPU
		Release|Any CPU = Release|Any CPU
	EndGlobalSection
	GlobalSection(ProjectConfigurationPlatforms) = postSolution
		{4A7FDDB1-D30B-4FA3-95C5-B97F24CD076D}.Debug|Any CPU.ActiveCfg = Debug|Any CPU
		{4A7FDDB1-D30B-4FA3-95C5-B97F24CD076D}.Debug|Any CPU.Build.0 = Debug|Any CPU
		{4A7FDDB1-D30B-4FA3-95C5-B97F24CD076D}.Release|Any CPU.ActiveCfg = Release|Any CPU
		{4A7FDDB1-D30B-4FA3-95C5-B97F24CD076D}.Release|Any CPU.Build.0 = Release|Any CPU
		{EC3F93F2-D830-4E88-AE29-4C1B6EECDBAE}.Debug|Any CPU.ActiveCfg = Debug|Any CPU
		{EC3F93F2-D830-4E88-AE29-4C1B6EECDBAE}.Debug|Any CPU.Build.0 = Debug|Any CPU
		{EC3F93F2-D830-4E88-AE29-4C1B6EECDBAE}.Release|Any CPU.ActiveCfg = Release|Any CPU
		{EC3F93F2-D830-4E88-AE29-4C1B6EECDBAE}.Release|Any CPU.Build.0 = Release|Any CPU
		{69E5DFA9-1EEA-4F19-8060-1AB751E0A1B2}.Debug|Any CPU.ActiveCfg = Debug|Any CPU
		{69E5DFA9-1EEA-4F19-8060-1AB751E0A1B2}.Debug|Any CPU.Build.0 = Debug|Any CPU
		{69E5DFA9-1EEA-4F19-8060-1AB751E0A1B2}.Release|Any CPU.ActiveCfg = Release|Any CPU
		{69E5DFA9-1EEA-4F19-8060-1AB751E0A1B2}.Release|Any CPU.Build.0 = Release|Any CPU
		{48B6A4B8-6555-438D-935C-60A7EF4F4B1A}.Debug|Any CPU.ActiveCfg = Debug|Any CPU
		{48B6A4B8-6555-438D-935C-60A7EF4F4B1A}.Debug|Any CPU.Build.0 = Debug|Any CPU
		{48B6A4B8-6555-438D-935C-60A7EF4F4B1A}.Release|Any CPU.ActiveCfg = Release|Any CPU
		{48B6A4B8-6555-438D-935C-60A7EF4F4B1A}.Release|Any CPU.Build.0 = Release|Any CPU
	EndGlobalSection
EndGlobal
